
Microsoft Visual Studio Solution File, Format Version 12.00
Project("{FAE04EC0-301F-11D3-BF4B-00C04F79EFBC}") = "PrisonersProblem", "PrisonersProblem\PrisonersProblem.csproj", "{9028894C-9C90-480C-97FD-9589D70DCEEB}"
EndProject
Project("{FAE04EC0-301F-11D3-BF4B-00C04F79EFBC}") = "PrisonersProblem.Tests", "PrisonersProblem.Tests\PrisonersProblem.Tests.csproj", "{83E5187E-F4E6-4BC8-BCE7-AB4AF5F08B69}"
EndProject
Global
	GlobalSection(SolutionConfigurationPlatforms) = preSolution
		Debug|Any CPU = Debug|Any CPU
		Release|Any CPU = Release|Any CPU
	EndGlobalSection
	GlobalSection(ProjectConfigurationPlatforms) = postSolution
		{9028894C-9C90-480C-97FD-9589D70DCEEB}.Debug|Any CPU.ActiveCfg = Debug|Any CPU
		{9028894C-9C90-480C-97FD-9589D70DCEEB}.Debug|Any CPU.Build.0 = Debug|Any CPU
		{9028894C-9C90-480C-97FD-9589D70DCEEB}.Release|Any CPU.ActiveCfg = Release|Any CPU
		{9028894C-9C90-480C-97FD-9589D70DCEEB}.Release|Any CPU.Build.0 = Release|Any CPU
		{83E5187E-F4E6-4BC8-BCE7-AB4AF5F08B69}.Debug|Any CPU.ActiveCfg = Debug|Any CPU
		{83E5187E-F4E6-4BC8-BCE7-AB4AF5F08B69}.Debug|Any CPU.Build.0 = Debug|Any CPU
		{83E5187E-F4E6-4BC8-BCE7-AB4AF5F08B69}.Release|Any CPU.ActiveCfg = Release|Any CPU
		{83E5187E-F4E6-4BC8-BCE7-AB4AF5F08B69}.Release|Any CPU.Build.0 = Release|Any CPU
	EndGlobalSection
EndGlobal
